
Microsoft Visual Studio Solution File, Format Version 12.00
# Visual Studio 15
VisualStudioVersion = 15.0.28307.271
MinimumVisualStudioVersion = 10.0.40219.1
Project("{FAE04EC0-301F-11D3-BF4B-00C04F79EFBC}") = "Senai.Personagem.WebApi.Manha", "Senai.Personagem.WebApi.Manha\Senai.Personagem.WebApi.Manha.csproj", "{18328E2C-2530-4F09-AA41-0B614A41DF62}"
EndProject
Global
	GlobalSection(SolutionConfigurationPlatforms) = preSolution
		Debug|Any CPU = Debug|Any CPU
		Release|Any CPU = Release|Any CPU
	EndGlobalSection
	GlobalSection(ProjectConfigurationPlatforms) = postSolution
		{18328E2C-2530-4F09-AA41-0B614A41DF62}.Debug|Any CPU.ActiveCfg = Debug|Any CPU
		{18328E2C-2530-4F09-AA41-0B614A41DF62}.Debug|Any CPU.Build.0 = Debug|Any CPU
		{18328E2C-2530-4F09-AA41-0B614A41DF62}.Release|Any CPU.ActiveCfg = Release|Any CPU
		{18328E2C-2530-4F09-AA41-0B614A41DF62}.Release|Any CPU.Build.0 = Release|Any CPU
	EndGlobalSection
	GlobalSection(SolutionProperties) = preSolution
		HideSolutionNode = FALSE
	EndGlobalSection
	GlobalSection(ExtensibilityGlobals) = postSolution
		SolutionGuid = {5FC0823B-CF1E-431E-A957-1F37CE2FC371}
	EndGlobalSection
EndGlobal
