
Microsoft Visual Studio Solution File, Format Version 12.00
# Visual Studio 15
VisualStudioVersion = 15.0.28307.271
MinimumVisualStudioVersion = 10.0.40219.1
Project("{FAE04EC0-301F-11D3-BF4B-00C04F79EFBC}") = "Senai.InLock.CodeFirst.WebApi.Manha", "Senai.InLock.CodeFirst.WebApi.Manha\Senai.InLock.CodeFirst.WebApi.Manha.csproj", "{245484FC-3681-47D7-B425-68F0F296E976}"
EndProject
Global
	GlobalSection(SolutionConfigurationPlatforms) = preSolution
		Debug|Any CPU = Debug|Any CPU
		Release|Any CPU = Release|Any CPU
	EndGlobalSection
	GlobalSection(ProjectConfigurationPlatforms) = postSolution
		{245484FC-3681-47D7-B425-68F0F296E976}.Debug|Any CPU.ActiveCfg = Debug|Any CPU
		{245484FC-3681-47D7-B425-68F0F296E976}.Debug|Any CPU.Build.0 = Debug|Any CPU
		{245484FC-3681-47D7-B425-68F0F296E976}.Release|Any CPU.ActiveCfg = Release|Any CPU
		{245484FC-3681-47D7-B425-68F0F296E976}.Release|Any CPU.Build.0 = Release|Any CPU
	EndGlobalSection
	GlobalSection(SolutionProperties) = preSolution
		HideSolutionNode = FALSE
	EndGlobalSection
	GlobalSection(ExtensibilityGlobals) = postSolution
		SolutionGuid = {9266251E-231C-4771-B676-CD35D979F441}
	EndGlobalSection
EndGlobal
